
Microsoft Visual Studio Solution File, Format Version 12.00
# Visual Studio Version 17
VisualStudioVersion = 17.8.34322.80
MinimumVisualStudioVersion = 10.0.40219.1
Project("{9A19103F-16F7-4668-BE54-9A1E7A4F7556}") = "Day01", "Day01\Day01.csproj", "{9EB2C086-59C6-48F6-A8F3-5C4C93B974BE}"
EndProject
Project("{9A19103F-16F7-4668-BE54-9A1E7A4F7556}") = "Shared", "Shared\Shared.csproj", "{DF3B6410-BBD1-406A-A0D6-6E091912686E}"
EndProject
Project("{9A19103F-16F7-4668-BE54-9A1E7A4F7556}") = "Day02", "Day02\Day02.csproj", "{08E64F76-0939-42F5-9480-B7E56774BB30}"
EndProject
Project("{9A19103F-16F7-4668-BE54-9A1E7A4F7556}") = "Day03", "Day03\Day03.csproj", "{83B9A6A0-EC6D-409E-9CC4-0751082114B2}"
EndProject
Project("{2150E333-8FDC-42A3-9474-1A3956D46DE8}") = "Solution Items", "Solution Items", "{B5C64833-D72C-4FB3-BDC6-FD2EE25EA8B5}"
	ProjectSection(SolutionItems) = preProject
		.editorconfig = .editorconfig
	EndProjectSection
EndProject
Project("{9A19103F-16F7-4668-BE54-9A1E7A4F7556}") = "Day04", "Day04\Day04.csproj", "{B5026488-248A-4403-A0CB-B3B8E524598E}"
EndProject
Project("{9A19103F-16F7-4668-BE54-9A1E7A4F7556}") = "Day05", "Day05\Day05.csproj", "{A1854BE3-D9D1-4674-9D5B-730D34FDAAD9}"
EndProject
Project("{9A19103F-16F7-4668-BE54-9A1E7A4F7556}") = "Day06", "Day06\Day06.csproj", "{C5C8568B-EC8C-4832-9B73-08EAE549C1FB}"
EndProject
Project("{9A19103F-16F7-4668-BE54-9A1E7A4F7556}") = "Day07", "Day07\Day07.csproj", "{5AC1672E-C399-4BDF-87CE-4CCA06868BEF}"
EndProject
Project("{9A19103F-16F7-4668-BE54-9A1E7A4F7556}") = "Day08", "Day08\Day08.csproj", "{F47C3161-3F29-4F88-BC3A-8C891093B611}"
EndProject
Project("{9A19103F-16F7-4668-BE54-9A1E7A4F7556}") = "Day09", "Day09\Day09.csproj", "{2DDE4438-7C68-48A4-A444-180CEE34F169}"
EndProject
Project("{FAE04EC0-301F-11D3-BF4B-00C04F79EFBC}") = "Day10", "Day10\Day10.csproj", "{EA15D45F-3486-4DAF-8418-2214B7884678}"
EndProject
Global
	GlobalSection(SolutionConfigurationPlatforms) = preSolution
		Debug|Any CPU = Debug|Any CPU
		Release|Any CPU = Release|Any CPU
	EndGlobalSection
	GlobalSection(ProjectConfigurationPlatforms) = postSolution
		{9EB2C086-59C6-48F6-A8F3-5C4C93B974BE}.Debug|Any CPU.ActiveCfg = Debug|Any CPU
		{9EB2C086-59C6-48F6-A8F3-5C4C93B974BE}.Debug|Any CPU.Build.0 = Debug|Any CPU
		{9EB2C086-59C6-48F6-A8F3-5C4C93B974BE}.Release|Any CPU.ActiveCfg = Release|Any CPU
		{9EB2C086-59C6-48F6-A8F3-5C4C93B974BE}.Release|Any CPU.Build.0 = Release|Any CPU
		{DF3B6410-BBD1-406A-A0D6-6E091912686E}.Debug|Any CPU.ActiveCfg = Debug|Any CPU
		{DF3B6410-BBD1-406A-A0D6-6E091912686E}.Debug|Any CPU.Build.0 = Debug|Any CPU
		{DF3B6410-BBD1-406A-A0D6-6E091912686E}.Release|Any CPU.ActiveCfg = Release|Any CPU
		{DF3B6410-BBD1-406A-A0D6-6E091912686E}.Release|Any CPU.Build.0 = Release|Any CPU
		{08E64F76-0939-42F5-9480-B7E56774BB30}.Debug|Any CPU.ActiveCfg = Debug|Any CPU
		{08E64F76-0939-42F5-9480-B7E56774BB30}.Debug|Any CPU.Build.0 = Debug|Any CPU
		{08E64F76-0939-42F5-9480-B7E56774BB30}.Release|Any CPU.ActiveCfg = Release|Any CPU
		{08E64F76-0939-42F5-9480-B7E56774BB30}.Release|Any CPU.Build.0 = Release|Any CPU
		{83B9A6A0-EC6D-409E-9CC4-0751082114B2}.Debug|Any CPU.ActiveCfg = Debug|Any CPU
		{83B9A6A0-EC6D-409E-9CC4-0751082114B2}.Debug|Any CPU.Build.0 = Debug|Any CPU
		{83B9A6A0-EC6D-409E-9CC4-0751082114B2}.Release|Any CPU.ActiveCfg = Release|Any CPU
		{83B9A6A0-EC6D-409E-9CC4-0751082114B2}.Release|Any CPU.Build.0 = Release|Any CPU
		{B5026488-248A-4403-A0CB-B3B8E524598E}.Debug|Any CPU.ActiveCfg = Debug|Any CPU
		{B5026488-248A-4403-A0CB-B3B8E524598E}.Debug|Any CPU.Build.0 = Debug|Any CPU
		{B5026488-248A-4403-A0CB-B3B8E524598E}.Release|Any CPU.ActiveCfg = Release|Any CPU
		{B5026488-248A-4403-A0CB-B3B8E524598E}.Release|Any CPU.Build.0 = Release|Any CPU
		{A1854BE3-D9D1-4674-9D5B-730D34FDAAD9}.Debug|Any CPU.ActiveCfg = Debug|Any CPU
		{A1854BE3-D9D1-4674-9D5B-730D34FDAAD9}.Debug|Any CPU.Build.0 = Debug|Any CPU
		{A1854BE3-D9D1-4674-9D5B-730D34FDAAD9}.Release|Any CPU.ActiveCfg = Release|Any CPU
		{A1854BE3-D9D1-4674-9D5B-730D34FDAAD9}.Release|Any CPU.Build.0 = Release|Any CPU
		{C5C8568B-EC8C-4832-9B73-08EAE549C1FB}.Debug|Any CPU.ActiveCfg = Debug|Any CPU
		{C5C8568B-EC8C-4832-9B73-08EAE549C1FB}.Debug|Any CPU.Build.0 = Debug|Any CPU
		{C5C8568B-EC8C-4832-9B73-08EAE549C1FB}.Release|Any CPU.ActiveCfg = Release|Any CPU
		{C5C8568B-EC8C-4832-9B73-08EAE549C1FB}.Release|Any CPU.Build.0 = Release|Any CPU
		{5AC1672E-C399-4BDF-87CE-4CCA06868BEF}.Debug|Any CPU.ActiveCfg = Debug|Any CPU
		{5AC1672E-C399-4BDF-87CE-4CCA06868BEF}.Debug|Any CPU.Build.0 = Debug|Any CPU
		{5AC1672E-C399-4BDF-87CE-4CCA06868BEF}.Release|Any CPU.ActiveCfg = Release|Any CPU
		{5AC1672E-C399-4BDF-87CE-4CCA06868BEF}.Release|Any CPU.Build.0 = Release|Any CPU
		{F47C3161-3F29-4F88-BC3A-8C891093B611}.Debug|Any CPU.ActiveCfg = Debug|Any CPU
		{F47C3161-3F29-4F88-BC3A-8C891093B611}.Debug|Any CPU.Build.0 = Debug|Any CPU
		{F47C3161-3F29-4F88-BC3A-8C891093B611}.Release|Any CPU.ActiveCfg = Release|Any CPU
		{F47C3161-3F29-4F88-BC3A-8C891093B611}.Release|Any CPU.Build.0 = Release|Any CPU
		{2DDE4438-7C68-48A4-A444-180CEE34F169}.Debug|Any CPU.ActiveCfg = Debug|Any CPU
		{2DDE4438-7C68-48A4-A444-180CEE34F169}.Debug|Any CPU.Build.0 = Debug|Any CPU
		{2DDE4438-7C68-48A4-A444-180CEE34F169}.Release|Any CPU.ActiveCfg = Release|Any CPU
		{2DDE4438-7C68-48A4-A444-180CEE34F169}.Release|Any CPU.Build.0 = Release|Any CPU
		{EA15D45F-3486-4DAF-8418-2214B7884678}.Debug|Any CPU.ActiveCfg = Debug|Any CPU
		{EA15D45F-3486-4DAF-8418-2214B7884678}.Debug|Any CPU.Build.0 = Debug|Any CPU
		{EA15D45F-3486-4DAF-8418-2214B7884678}.Release|Any CPU.ActiveCfg = Release|Any CPU
		{EA15D45F-3486-4DAF-8418-2214B7884678}.Release|Any CPU.Build.0 = Release|Any CPU
	EndGlobalSection
	GlobalSection(SolutionProperties) = preSolution
		HideSolutionNode = FALSE
	EndGlobalSection
	GlobalSection(ExtensibilityGlobals) = postSolution
		SolutionGuid = {CBE642D7-C521-472E-8D69-DD0A780C09F1}
	EndGlobalSection
EndGlobal
