
Microsoft Visual Studio Solution File, Format Version 12.00
# Visual Studio Version 17
VisualStudioVersion = 17.8.34322.80
MinimumVisualStudioVersion = 10.0.40219.1
Project("{9A19103F-16F7-4668-BE54-9A1E7A4F7556}") = "Day01", "Day01\Day01.csproj", "{9EB2C086-59C6-48F6-A8F3-5C4C93B974BE}"
EndProject
Project("{9A19103F-16F7-4668-BE54-9A1E7A4F7556}") = "Shared", "Shared\Shared.csproj", "{DF3B6410-BBD1-406A-A0D6-6E091912686E}"
EndProject
Project("{9A19103F-16F7-4668-BE54-9A1E7A4F7556}") = "Day02", "Day02\Day02.csproj", "{08E64F76-0939-42F5-9480-B7E56774BB30}"
EndProject
Project("{9A19103F-16F7-4668-BE54-9A1E7A4F7556}") = "Day03", "Day03\Day03.csproj", "{83B9A6A0-EC6D-409E-9CC4-0751082114B2}"
EndProject
Project("{2150E333-8FDC-42A3-9474-1A3956D46DE8}") = "Solution Items", "Solution Items", "{B5C64833-D72C-4FB3-BDC6-FD2EE25EA8B5}"
	ProjectSection(SolutionItems) = preProject
		.editorconfig = .editorconfig
	EndProjectSection
EndProject
Project("{9A19103F-16F7-4668-BE54-9A1E7A4F7556}") = "Day04", "Day04\Day04.csproj", "{B5026488-248A-4403-A0CB-B3B8E524598E}"
EndProject
Project("{9A19103F-16F7-4668-BE54-9A1E7A4F7556}") = "Day05", "Day05\Day05.csproj", "{A1854BE3-D9D1-4674-9D5B-730D34FDAAD9}"
EndProject
Project("{9A19103F-16F7-4668-BE54-9A1E7A4F7556}") = "Day06", "Day06\Day06.csproj", "{C5C8568B-EC8C-4832-9B73-08EAE549C1FB}"
EndProject
Project("{9A19103F-16F7-4668-BE54-9A1E7A4F7556}") = "Day07", "Day07\Day07.csproj", "{5AC1672E-C399-4BDF-87CE-4CCA06868BEF}"
EndProject
Project("{9A19103F-16F7-4668-BE54-9A1E7A4F7556}") = "Day08", "Day08\Day08.csproj", "{F47C3161-3F29-4F88-BC3A-8C891093B611}"
EndProject
Project("{9A19103F-16F7-4668-BE54-9A1E7A4F7556}") = "Day09", "Day09\Day09.csproj", "{2DDE4438-7C68-48A4-A444-180CEE34F169}"
EndProject
Project("{9A19103F-16F7-4668-BE54-9A1E7A4F7556}") = "Day10", "Day10\Day10.csproj", "{EA15D45F-3486-4DAF-8418-2214B7884678}"
EndProject
Project("{9A19103F-16F7-4668-BE54-9A1E7A4F7556}") = "Day11", "Day11\Day11.csproj", "{80C023E0-A1D8-4C68-9BD4-BD2F7F76B0D1}"
EndProject
Project("{9A19103F-16F7-4668-BE54-9A1E7A4F7556}") = "Day12", "Day12\Day12.csproj", "{DB3C4147-5876-45D5-907D-59962412C3CD}"
EndProject
Project("{9A19103F-16F7-4668-BE54-9A1E7A4F7556}") = "Day13", "Day13\Day13.csproj", "{518CCCC6-09FF-48D5-A886-C9F7E4AA5D00}"
EndProject
Project("{9A19103F-16F7-4668-BE54-9A1E7A4F7556}") = "Day14", "Day14\Day14.csproj", "{69043E70-DA9B-4E68-8AE6-836884E0013E}"
EndProject
Project("{9A19103F-16F7-4668-BE54-9A1E7A4F7556}") = "Day15", "Day15\Day15.csproj", "{48B73D35-B428-44AA-8087-A2A9310D0D86}"
EndProject
Project("{FAE04EC0-301F-11D3-BF4B-00C04F79EFBC}") = "Day16", "Day16\Day16.csproj", "{542A79C4-F851-405B-B3C5-99BB8F218966}"
EndProject
Project("{FAE04EC0-301F-11D3-BF4B-00C04F79EFBC}") = "Day17", "Day17\Day17.csproj", "{A6B184A4-ECB1-4E4D-9A39-F5DE34B71509}"
EndProject
Project("{FAE04EC0-301F-11D3-BF4B-00C04F79EFBC}") = "Day18", "Day18\Day18.csproj", "{FA7B03FF-4C7B-4F54-9C2D-CBBA5EF8A13C}"
EndProject
Project("{FAE04EC0-301F-11D3-BF4B-00C04F79EFBC}") = "Day19", "Day19\Day19.csproj", "{74A4F2F8-6AB2-48B7-9CC6-B3E2BDED19E8}"
EndProject
Project("{FAE04EC0-301F-11D3-BF4B-00C04F79EFBC}") = "Day20", "Day20\Day20.csproj", "{4D2FEE93-633F-4143-B7BE-77CE31FE6992}"
EndProject
Project("{FAE04EC0-301F-11D3-BF4B-00C04F79EFBC}") = "Day21", "Day21\Day21.csproj", "{93727FE6-9D34-43CF-87AC-78D1955E44CE}"
EndProject
Project("{FAE04EC0-301F-11D3-BF4B-00C04F79EFBC}") = "Day22", "Day22\Day22.csproj", "{7BD61FC3-CA58-4F40-A399-0202E56FD263}"
EndProject
Project("{FAE04EC0-301F-11D3-BF4B-00C04F79EFBC}") = "Day23", "Day23\Day23.csproj", "{137F55F9-6F02-4CD4-ADB7-F8859055DD3E}"
EndProject
Project("{FAE04EC0-301F-11D3-BF4B-00C04F79EFBC}") = "Day24", "Day24\Day24.csproj", "{22A7CDA1-6B6F-42A4-B787-95EA4E9FAE2A}"
EndProject
Project("{FAE04EC0-301F-11D3-BF4B-00C04F79EFBC}") = "Day25", "Day25\Day25.csproj", "{DC7CD0EB-A446-4E36-A81E-DBBF1C6DB507}"
EndProject
Global
	GlobalSection(SolutionConfigurationPlatforms) = preSolution
		Debug|Any CPU = Debug|Any CPU
		Release|Any CPU = Release|Any CPU
	EndGlobalSection
	GlobalSection(ProjectConfigurationPlatforms) = postSolution
		{9EB2C086-59C6-48F6-A8F3-5C4C93B974BE}.Debug|Any CPU.ActiveCfg = Debug|Any CPU
		{9EB2C086-59C6-48F6-A8F3-5C4C93B974BE}.Debug|Any CPU.Build.0 = Debug|Any CPU
		{9EB2C086-59C6-48F6-A8F3-5C4C93B974BE}.Release|Any CPU.ActiveCfg = Release|Any CPU
		{9EB2C086-59C6-48F6-A8F3-5C4C93B974BE}.Release|Any CPU.Build.0 = Release|Any CPU
		{DF3B6410-BBD1-406A-A0D6-6E091912686E}.Debug|Any CPU.ActiveCfg = Debug|Any CPU
		{DF3B6410-BBD1-406A-A0D6-6E091912686E}.Debug|Any CPU.Build.0 = Debug|Any CPU
		{DF3B6410-BBD1-406A-A0D6-6E091912686E}.Release|Any CPU.ActiveCfg = Release|Any CPU
		{DF3B6410-BBD1-406A-A0D6-6E091912686E}.Release|Any CPU.Build.0 = Release|Any CPU
		{08E64F76-0939-42F5-9480-B7E56774BB30}.Debug|Any CPU.ActiveCfg = Debug|Any CPU
		{08E64F76-0939-42F5-9480-B7E56774BB30}.Debug|Any CPU.Build.0 = Debug|Any CPU
		{08E64F76-0939-42F5-9480-B7E56774BB30}.Release|Any CPU.ActiveCfg = Release|Any CPU
		{08E64F76-0939-42F5-9480-B7E56774BB30}.Release|Any CPU.Build.0 = Release|Any CPU
		{83B9A6A0-EC6D-409E-9CC4-0751082114B2}.Debug|Any CPU.ActiveCfg = Debug|Any CPU
		{83B9A6A0-EC6D-409E-9CC4-0751082114B2}.Debug|Any CPU.Build.0 = Debug|Any CPU
		{83B9A6A0-EC6D-409E-9CC4-0751082114B2}.Release|Any CPU.ActiveCfg = Release|Any CPU
		{83B9A6A0-EC6D-409E-9CC4-0751082114B2}.Release|Any CPU.Build.0 = Release|Any CPU
		{B5026488-248A-4403-A0CB-B3B8E524598E}.Debug|Any CPU.ActiveCfg = Debug|Any CPU
		{B5026488-248A-4403-A0CB-B3B8E524598E}.Debug|Any CPU.Build.0 = Debug|Any CPU
		{B5026488-248A-4403-A0CB-B3B8E524598E}.Release|Any CPU.ActiveCfg = Release|Any CPU
		{B5026488-248A-4403-A0CB-B3B8E524598E}.Release|Any CPU.Build.0 = Release|Any CPU
		{A1854BE3-D9D1-4674-9D5B-730D34FDAAD9}.Debug|Any CPU.ActiveCfg = Debug|Any CPU
		{A1854BE3-D9D1-4674-9D5B-730D34FDAAD9}.Debug|Any CPU.Build.0 = Debug|Any CPU
		{A1854BE3-D9D1-4674-9D5B-730D34FDAAD9}.Release|Any CPU.ActiveCfg = Release|Any CPU
		{A1854BE3-D9D1-4674-9D5B-730D34FDAAD9}.Release|Any CPU.Build.0 = Release|Any CPU
		{C5C8568B-EC8C-4832-9B73-08EAE549C1FB}.Debug|Any CPU.ActiveCfg = Debug|Any CPU
		{C5C8568B-EC8C-4832-9B73-08EAE549C1FB}.Debug|Any CPU.Build.0 = Debug|Any CPU
		{C5C8568B-EC8C-4832-9B73-08EAE549C1FB}.Release|Any CPU.ActiveCfg = Release|Any CPU
		{C5C8568B-EC8C-4832-9B73-08EAE549C1FB}.Release|Any CPU.Build.0 = Release|Any CPU
		{5AC1672E-C399-4BDF-87CE-4CCA06868BEF}.Debug|Any CPU.ActiveCfg = Debug|Any CPU
		{5AC1672E-C399-4BDF-87CE-4CCA06868BEF}.Debug|Any CPU.Build.0 = Debug|Any CPU
		{5AC1672E-C399-4BDF-87CE-4CCA06868BEF}.Release|Any CPU.ActiveCfg = Release|Any CPU
		{5AC1672E-C399-4BDF-87CE-4CCA06868BEF}.Release|Any CPU.Build.0 = Release|Any CPU
		{F47C3161-3F29-4F88-BC3A-8C891093B611}.Debug|Any CPU.ActiveCfg = Debug|Any CPU
		{F47C3161-3F29-4F88-BC3A-8C891093B611}.Debug|Any CPU.Build.0 = Debug|Any CPU
		{F47C3161-3F29-4F88-BC3A-8C891093B611}.Release|Any CPU.ActiveCfg = Release|Any CPU
		{F47C3161-3F29-4F88-BC3A-8C891093B611}.Release|Any CPU.Build.0 = Release|Any CPU
		{2DDE4438-7C68-48A4-A444-180CEE34F169}.Debug|Any CPU.ActiveCfg = Debug|Any CPU
		{2DDE4438-7C68-48A4-A444-180CEE34F169}.Debug|Any CPU.Build.0 = Debug|Any CPU
		{2DDE4438-7C68-48A4-A444-180CEE34F169}.Release|Any CPU.ActiveCfg = Release|Any CPU
		{2DDE4438-7C68-48A4-A444-180CEE34F169}.Release|Any CPU.Build.0 = Release|Any CPU
		{EA15D45F-3486-4DAF-8418-2214B7884678}.Debug|Any CPU.ActiveCfg = Debug|Any CPU
		{EA15D45F-3486-4DAF-8418-2214B7884678}.Debug|Any CPU.Build.0 = Debug|Any CPU
		{EA15D45F-3486-4DAF-8418-2214B7884678}.Release|Any CPU.ActiveCfg = Release|Any CPU
		{EA15D45F-3486-4DAF-8418-2214B7884678}.Release|Any CPU.Build.0 = Release|Any CPU
		{80C023E0-A1D8-4C68-9BD4-BD2F7F76B0D1}.Debug|Any CPU.ActiveCfg = Debug|Any CPU
		{80C023E0-A1D8-4C68-9BD4-BD2F7F76B0D1}.Debug|Any CPU.Build.0 = Debug|Any CPU
		{80C023E0-A1D8-4C68-9BD4-BD2F7F76B0D1}.Release|Any CPU.ActiveCfg = Release|Any CPU
		{80C023E0-A1D8-4C68-9BD4-BD2F7F76B0D1}.Release|Any CPU.Build.0 = Release|Any CPU
		{DB3C4147-5876-45D5-907D-59962412C3CD}.Debug|Any CPU.ActiveCfg = Debug|Any CPU
		{DB3C4147-5876-45D5-907D-59962412C3CD}.Debug|Any CPU.Build.0 = Debug|Any CPU
		{DB3C4147-5876-45D5-907D-59962412C3CD}.Release|Any CPU.ActiveCfg = Release|Any CPU
		{DB3C4147-5876-45D5-907D-59962412C3CD}.Release|Any CPU.Build.0 = Release|Any CPU
		{518CCCC6-09FF-48D5-A886-C9F7E4AA5D00}.Debug|Any CPU.ActiveCfg = Debug|Any CPU
		{518CCCC6-09FF-48D5-A886-C9F7E4AA5D00}.Debug|Any CPU.Build.0 = Debug|Any CPU
		{518CCCC6-09FF-48D5-A886-C9F7E4AA5D00}.Release|Any CPU.ActiveCfg = Release|Any CPU
		{518CCCC6-09FF-48D5-A886-C9F7E4AA5D00}.Release|Any CPU.Build.0 = Release|Any CPU
		{69043E70-DA9B-4E68-8AE6-836884E0013E}.Debug|Any CPU.ActiveCfg = Debug|Any CPU
		{69043E70-DA9B-4E68-8AE6-836884E0013E}.Debug|Any CPU.Build.0 = Debug|Any CPU
		{69043E70-DA9B-4E68-8AE6-836884E0013E}.Release|Any CPU.ActiveCfg = Release|Any CPU
		{69043E70-DA9B-4E68-8AE6-836884E0013E}.Release|Any CPU.Build.0 = Release|Any CPU
		{48B73D35-B428-44AA-8087-A2A9310D0D86}.Debug|Any CPU.ActiveCfg = Debug|Any CPU
		{48B73D35-B428-44AA-8087-A2A9310D0D86}.Debug|Any CPU.Build.0 = Debug|Any CPU
		{48B73D35-B428-44AA-8087-A2A9310D0D86}.Release|Any CPU.ActiveCfg = Release|Any CPU
		{48B73D35-B428-44AA-8087-A2A9310D0D86}.Release|Any CPU.Build.0 = Release|Any CPU
		{542A79C4-F851-405B-B3C5-99BB8F218966}.Debug|Any CPU.ActiveCfg = Debug|Any CPU
		{542A79C4-F851-405B-B3C5-99BB8F218966}.Debug|Any CPU.Build.0 = Debug|Any CPU
		{542A79C4-F851-405B-B3C5-99BB8F218966}.Release|Any CPU.ActiveCfg = Release|Any CPU
		{542A79C4-F851-405B-B3C5-99BB8F218966}.Release|Any CPU.Build.0 = Release|Any CPU
		{A6B184A4-ECB1-4E4D-9A39-F5DE34B71509}.Debug|Any CPU.ActiveCfg = Debug|Any CPU
		{A6B184A4-ECB1-4E4D-9A39-F5DE34B71509}.Debug|Any CPU.Build.0 = Debug|Any CPU
		{A6B184A4-ECB1-4E4D-9A39-F5DE34B71509}.Release|Any CPU.ActiveCfg = Release|Any CPU
		{A6B184A4-ECB1-4E4D-9A39-F5DE34B71509}.Release|Any CPU.Build.0 = Release|Any CPU
		{FA7B03FF-4C7B-4F54-9C2D-CBBA5EF8A13C}.Debug|Any CPU.ActiveCfg = Debug|Any CPU
		{FA7B03FF-4C7B-4F54-9C2D-CBBA5EF8A13C}.Debug|Any CPU.Build.0 = Debug|Any CPU
		{FA7B03FF-4C7B-4F54-9C2D-CBBA5EF8A13C}.Release|Any CPU.ActiveCfg = Release|Any CPU
		{FA7B03FF-4C7B-4F54-9C2D-CBBA5EF8A13C}.Release|Any CPU.Build.0 = Release|Any CPU
		{74A4F2F8-6AB2-48B7-9CC6-B3E2BDED19E8}.Debug|Any CPU.ActiveCfg = Debug|Any CPU
		{74A4F2F8-6AB2-48B7-9CC6-B3E2BDED19E8}.Debug|Any CPU.Build.0 = Debug|Any CPU
		{74A4F2F8-6AB2-48B7-9CC6-B3E2BDED19E8}.Release|Any CPU.ActiveCfg = Release|Any CPU
		{74A4F2F8-6AB2-48B7-9CC6-B3E2BDED19E8}.Release|Any CPU.Build.0 = Release|Any CPU
		{4D2FEE93-633F-4143-B7BE-77CE31FE6992}.Debug|Any CPU.ActiveCfg = Debug|Any CPU
		{4D2FEE93-633F-4143-B7BE-77CE31FE6992}.Debug|Any CPU.Build.0 = Debug|Any CPU
		{4D2FEE93-633F-4143-B7BE-77CE31FE6992}.Release|Any CPU.ActiveCfg = Release|Any CPU
		{4D2FEE93-633F-4143-B7BE-77CE31FE6992}.Release|Any CPU.Build.0 = Release|Any CPU
		{93727FE6-9D34-43CF-87AC-78D1955E44CE}.Debug|Any CPU.ActiveCfg = Debug|Any CPU
		{93727FE6-9D34-43CF-87AC-78D1955E44CE}.Debug|Any CPU.Build.0 = Debug|Any CPU
		{93727FE6-9D34-43CF-87AC-78D1955E44CE}.Release|Any CPU.ActiveCfg = Release|Any CPU
		{93727FE6-9D34-43CF-87AC-78D1955E44CE}.Release|Any CPU.Build.0 = Release|Any CPU
		{7BD61FC3-CA58-4F40-A399-0202E56FD263}.Debug|Any CPU.ActiveCfg = Debug|Any CPU
		{7BD61FC3-CA58-4F40-A399-0202E56FD263}.Debug|Any CPU.Build.0 = Debug|Any CPU
		{7BD61FC3-CA58-4F40-A399-0202E56FD263}.Release|Any CPU.ActiveCfg = Release|Any CPU
		{7BD61FC3-CA58-4F40-A399-0202E56FD263}.Release|Any CPU.Build.0 = Release|Any CPU
		{137F55F9-6F02-4CD4-ADB7-F8859055DD3E}.Debug|Any CPU.ActiveCfg = Debug|Any CPU
		{137F55F9-6F02-4CD4-ADB7-F8859055DD3E}.Debug|Any CPU.Build.0 = Debug|Any CPU
		{137F55F9-6F02-4CD4-ADB7-F8859055DD3E}.Release|Any CPU.ActiveCfg = Release|Any CPU
		{137F55F9-6F02-4CD4-ADB7-F8859055DD3E}.Release|Any CPU.Build.0 = Release|Any CPU
		{22A7CDA1-6B6F-42A4-B787-95EA4E9FAE2A}.Debug|Any CPU.ActiveCfg = Debug|Any CPU
		{22A7CDA1-6B6F-42A4-B787-95EA4E9FAE2A}.Debug|Any CPU.Build.0 = Debug|Any CPU
		{22A7CDA1-6B6F-42A4-B787-95EA4E9FAE2A}.Release|Any CPU.ActiveCfg = Release|Any CPU
		{22A7CDA1-6B6F-42A4-B787-95EA4E9FAE2A}.Release|Any CPU.Build.0 = Release|Any CPU
		{DC7CD0EB-A446-4E36-A81E-DBBF1C6DB507}.Debug|Any CPU.ActiveCfg = Debug|Any CPU
		{DC7CD0EB-A446-4E36-A81E-DBBF1C6DB507}.Debug|Any CPU.Build.0 = Debug|Any CPU
		{DC7CD0EB-A446-4E36-A81E-DBBF1C6DB507}.Release|Any CPU.ActiveCfg = Release|Any CPU
		{DC7CD0EB-A446-4E36-A81E-DBBF1C6DB507}.Release|Any CPU.Build.0 = Release|Any CPU
	EndGlobalSection
	GlobalSection(SolutionProperties) = preSolution
		HideSolutionNode = FALSE
	EndGlobalSection
	GlobalSection(ExtensibilityGlobals) = postSolution
		SolutionGuid = {CBE642D7-C521-472E-8D69-DD0A780C09F1}
	EndGlobalSection
EndGlobal
